{
  "originHash" : "2701c86a4823a3cb0b8657e574f85cb1b813c8bb399dabc227a184898b1484d7",
  "pins" : [
    {
      "identity" : "stellar-ios-mac-sdk",
      "kind" : "remoteSourceControl",
      "location" : "https://github.com/Soneso/stellar-ios-mac-sdk",
      "state" : {
        "revision" : "d5df0870d8279abf1b2b3455376609e6b4302d6e",
        "version" : "3.2.0"
      }
    }
  ],
  "version" : 3
}
